{
  "requires": true,
  "lockfileVersion": 1,
  "dependencies": {
    "feels": {
      "version": "3.0.0",
      "resolved": "https://registry.npmjs.org/feels/-/feels-3.0.0.tgz",
      "integrity": "sha512-rDEOj5oUOq0RpKasXkQhiG7IrCrY3Gfu5dvCtRZqZW3avrWYCZdiDcRbE4ZDE6BQDBVY/4XFKgGwdCuOBCUdfQ=="
    },
    "node-fetch": {
      "version": "2.3.0",
      "resolved": "https://registry.npmjs.org/node-fetch/-/node-fetch-2.3.0.tgz",
      "integrity": "sha512-MOd8pV3fxENbryESLgVIeaGKrdl+uaYhCSSVkjeOb/31/njTpcis5aWfdqgNlHIrKOLRbMnfPINPOML2CIFeXA=="
    }
  }
}
